lockfileVersion: 5.3

specifiers:
  mobx-utils: ^6.0.4

dependencies:
  mobx-utils: 6.0.4

packages:

  /mobx-utils/6.0.4:
    resolution: {integrity: sha512-CcTgFcCWN78eyRXU7OiKfhIVDEWFFoKdpfj49GIVcWykIQ4deXnaRnnKHElbVYFFgz1TOs8a3bDAq7qsSe864A==}
    peerDependencies:
      mobx: ^6.0.0
    dev: false
