lockfileVersion: 5.3

specifiers:
  mobx-observable-promise: ^0.5.16
  mobx-utils: ^6.0.4
  post-any-message: ^1.2.0
  use-memo-one: ^1.1.2

dependencies:
  mobx-observable-promise: 0.5.16
  mobx-utils: 6.0.4
  post-any-message: 1.2.0
  use-memo-one: 1.1.2

packages:

  /lodash.isequal/4.5.0:
    resolution: {integrity: sha1-QVxEePK8wwEgwizhDtMib30+GOA=}
    dev: false

  /mobx-observable-promise/0.5.16:
    resolution: {integrity: sha512-RJxtuYMET2ho/COhqVE0I1j5IA1TauOJp03xCVunINsdBYps0kg1JXUbrLpVIgT1mB0N5tf6GAmkwHgMNgbEAA==}
    dependencies:
      lodash.isequal: 4.5.0
    dev: false

  /mobx-utils/6.0.4:
    resolution: {integrity: sha512-CcTgFcCWN78eyRXU7OiKfhIVDEWFFoKdpfj49GIVcWykIQ4deXnaRnnKHElbVYFFgz1TOs8a3bDAq7qsSe864A==}
    peerDependencies:
      mobx: ^6.0.0
    dev: false

  /post-any-message/1.2.0:
    resolution: {integrity: sha512-aLrv7LFmazAisYLGRah7PddwRNqfexjp6J3asmfB5RDI7IOIUCRqFhMJfPoG6iLxWD0wgXYkD6kOse086NaDwg==}
    dev: false

  /use-memo-one/1.1.2:
    resolution: {integrity: sha512-u2qFKtxLsia/r8qG0ZKkbytbztzRb317XCkT7yP8wxL0tZ/CzK2G+WWie5vWvpyeP7+YoPIwbJoIHJ4Ba4k0oQ==}
    peerDependencies:
      react: ^16.8.0 || ^17.0.0
    dev: false
